github.com/wanghuiyt/ding v0.0.2 h1:6ZISlgCSy6MVeaFR8kAdniALMRqd56GyO9LlmYdTw/s=
github.com/wanghuiyt/ding v0.0.2/go.mod h1:T1vPz74YMmGCBVKZzVsen/YAYRZ2bvBYXldUyD7Y4vc=
gopkg.in/ini.v1 v1.67.0 h1:Dgnx+6+nfE+IfzjUEISNeydPJh9AXNNsWbGP9KzCsOA=
gopkg.in/ini.v1 v1.67.0/go.mod h1:pNLf8WUiyNEtQjuu5G5vTm06TEv9tsIgeAvK8hOrP4k=
